
Microsoft Visual Studio Solution File, Format Version 12.00
# Visual Studio Version 17
VisualStudioVersion = 17.7.33906.173
MinimumVisualStudioVersion = 10.0.40219.1
Project("{9A19103F-16F7-4668-BE54-9A1E7A4F7556}") = "HcpVaultSecretsConfigProvider", "HcpVaultSecretsConfigProvider\HcpVaultSecretsConfigProvider.csproj", "{BC180DFC-E75F-4339-9657-E8F0CCE86117}"
EndProject
Project("{FAE04EC0-301F-11D3-BF4B-00C04F79EFBC}") = "TestProject", "TestProject\TestProject.csproj", "{6BAA7940-DE84-4DCB-8850-08C9AD214853}"
EndProject
Global
	GlobalSection(SolutionConfigurationPlatforms) = preSolution
		Debug|Any CPU = Debug|Any CPU
		Release|Any CPU = Release|Any CPU
	EndGlobalSection
	GlobalSection(ProjectConfigurationPlatforms) = postSolution
		{BC180DFC-E75F-4339-9657-E8F0CCE86117}.Debug|Any CPU.ActiveCfg = Debug|Any CPU
		{BC180DFC-E75F-4339-9657-E8F0CCE86117}.Debug|Any CPU.Build.0 = Debug|Any CPU
		{BC180DFC-E75F-4339-9657-E8F0CCE86117}.Release|Any CPU.ActiveCfg = Release|Any CPU
		{BC180DFC-E75F-4339-9657-E8F0CCE86117}.Release|Any CPU.Build.0 = Release|Any CPU
		{6BAA7940-DE84-4DCB-8850-08C9AD214853}.Debug|Any CPU.ActiveCfg = Debug|Any CPU
		{6BAA7940-DE84-4DCB-8850-08C9AD214853}.Debug|Any CPU.Build.0 = Debug|Any CPU
		{6BAA7940-DE84-4DCB-8850-08C9AD214853}.Release|Any CPU.ActiveCfg = Release|Any CPU
		{6BAA7940-DE84-4DCB-8850-08C9AD214853}.Release|Any CPU.Build.0 = Release|Any CPU
	EndGlobalSection
	GlobalSection(SolutionProperties) = preSolution
		HideSolutionNode = FALSE
	EndGlobalSection
	GlobalSection(ExtensibilityGlobals) = postSolution
		SolutionGuid = {85E4CA63-A85B-4914-AD57-BF6590C152F6}
	EndGlobalSection
EndGlobal
